# THIS IS AN AUTOGENERATED FILE. DO NOT EDIT THIS FILE DIRECTLY.
# yarn lockfile v1


binary-parser@^2.2.1:
  version "2.2.1"
  resolved "https://registry.yarnpkg.com/binary-parser/-/binary-parser-2.2.1.tgz#4edc6da2dc56db73fa5ba450dfe6382ede8294ce"
  integrity sha512-5ATpz/uPDgq5GgEDxTB4ouXCde7q2lqAQlSdBRQVl/AJnxmQmhIfyxJx+0MGu//D5rHQifkfGbWWlaysG0o9NA==

zlib@^1.0.5:
  version "1.0.5"
  resolved "https://registry.yarnpkg.com/zlib/-/zlib-1.0.5.tgz#6e7c972fc371c645a6afb03ab14769def114fcc0"
  integrity sha512-40fpE2II+Cd3k8HWTWONfeKE2jL+P42iWJ1zzps5W51qcTsOUKM5Q5m2PFb0CLxlmFAaUuUdJGc3OfZy947v0w==
